
Microsoft Visual Studio Solution File, Format Version 12.00
# Visual Studio Version 17
VisualStudioVersion = 17.2.32516.85
MinimumVisualStudioVersion = 10.0.40219.1
Project("{9A19103F-16F7-4668-BE54-9A1E7A4F7556}") = "Code.Server", "Code.Server\Code.Server.csproj", "{4F69CF78-B13A-472D-A42F-5B3FE04A7136}"
EndProject
Project("{9A19103F-16F7-4668-BE54-9A1E7A4F7556}") = "Console", "Console\Console.csproj", "{5A2A05E0-201A-492E-AAF2-7E028A84606F}"
EndProject
Project("{FAE04EC0-301F-11D3-BF4B-00C04F79EFBC}") = "Plugins", "..\Unity\Plugins.csproj", "{765CF76E-3EBB-2E15-6719-7135BC11CF44}"
EndProject
Project("{FAE04EC0-301F-11D3-BF4B-00C04F79EFBC}") = "Code.Shared", "..\Unity\Code.Shared.csproj", "{5A484330-3675-FB9F-212C-4C214ED18371}"
EndProject
Global
	GlobalSection(SolutionConfigurationPlatforms) = preSolution
		Debug|Any CPU = Debug|Any CPU
		Release|Any CPU = Release|Any CPU
	EndGlobalSection
	GlobalSection(ProjectConfigurationPlatforms) = postSolution
		{4F69CF78-B13A-472D-A42F-5B3FE04A7136}.Debug|Any CPU.ActiveCfg = Debug|Any CPU
		{4F69CF78-B13A-472D-A42F-5B3FE04A7136}.Debug|Any CPU.Build.0 = Debug|Any CPU
		{4F69CF78-B13A-472D-A42F-5B3FE04A7136}.Release|Any CPU.ActiveCfg = Release|Any CPU
		{4F69CF78-B13A-472D-A42F-5B3FE04A7136}.Release|Any CPU.Build.0 = Release|Any CPU
		{5A2A05E0-201A-492E-AAF2-7E028A84606F}.Debug|Any CPU.ActiveCfg = Debug|Any CPU
		{5A2A05E0-201A-492E-AAF2-7E028A84606F}.Debug|Any CPU.Build.0 = Debug|Any CPU
		{5A2A05E0-201A-492E-AAF2-7E028A84606F}.Release|Any CPU.ActiveCfg = Release|Any CPU
		{5A2A05E0-201A-492E-AAF2-7E028A84606F}.Release|Any CPU.Build.0 = Release|Any CPU
		{765CF76E-3EBB-2E15-6719-7135BC11CF44}.Debug|Any CPU.ActiveCfg = Debug|Any CPU
		{765CF76E-3EBB-2E15-6719-7135BC11CF44}.Debug|Any CPU.Build.0 = Debug|Any CPU
		{765CF76E-3EBB-2E15-6719-7135BC11CF44}.Release|Any CPU.ActiveCfg = Release|Any CPU
		{765CF76E-3EBB-2E15-6719-7135BC11CF44}.Release|Any CPU.Build.0 = Release|Any CPU
		{5A484330-3675-FB9F-212C-4C214ED18371}.Debug|Any CPU.ActiveCfg = Debug|Any CPU
		{5A484330-3675-FB9F-212C-4C214ED18371}.Debug|Any CPU.Build.0 = Debug|Any CPU
		{5A484330-3675-FB9F-212C-4C214ED18371}.Release|Any CPU.ActiveCfg = Release|Any CPU
		{5A484330-3675-FB9F-212C-4C214ED18371}.Release|Any CPU.Build.0 = Release|Any CPU
	EndGlobalSection
	GlobalSection(SolutionProperties) = preSolution
		HideSolutionNode = FALSE
	EndGlobalSection
	GlobalSection(ExtensibilityGlobals) = postSolution
		SolutionGuid = {7583BE8B-55C4-434F-AF8E-45CBE9F13EE3}
	EndGlobalSection
EndGlobal
