
Microsoft Visual Studio Solution File, Format Version 12.00
# Visual Studio 15
Project("{FAE04EC0-301F-11D3-BF4B-00C04F79EFBC}") = "Scripts", "Scripts.csproj", "{903ECB4A-6BCB-0799-34D5-88403194217C}"
EndProject
Project("{FAE04EC0-301F-11D3-BF4B-00C04F79EFBC}") = "Plugins", "Plugins.csproj", "{765CF76E-3EBB-2E15-6719-7135BC11CF44}"
EndProject
Project("{FAE04EC0-301F-11D3-BF4B-00C04F79EFBC}") = "Code.Shared", "Code.Shared.csproj", "{5A484330-3675-FB9F-212C-4C214ED18371}"
EndProject
Project("{FAE04EC0-301F-11D3-BF4B-00C04F79EFBC}") = "Assembly-CSharp", "Assembly-CSharp.csproj", "{CD8C9303-404B-FB8D-6B9B-21988D5CAC0A}"
EndProject
Project("{FAE04EC0-301F-11D3-BF4B-00C04F79EFBC}") = "Assembly-CSharp-Editor", "Assembly-CSharp-Editor.csproj", "{6311E6C6-0A20-383B-320B-694068DE37A5}"
EndProject
Global
	GlobalSection(SolutionConfigurationPlatforms) = preSolution
		Debug|Any CPU = Debug|Any CPU
		Release|Any CPU = Release|Any CPU
	EndGlobalSection
	GlobalSection(ProjectConfigurationPlatforms) = postSolution
		{903ECB4A-6BCB-0799-34D5-88403194217C}.Debug|Any CPU.ActiveCfg = Debug|Any CPU
		{903ECB4A-6BCB-0799-34D5-88403194217C}.Debug|Any CPU.Build.0 = Debug|Any CPU
		{903ECB4A-6BCB-0799-34D5-88403194217C}.Release|Any CPU.ActiveCfg = Release|Any CPU
		{903ECB4A-6BCB-0799-34D5-88403194217C}.Release|Any CPU.Build.0 = Release|Any CPU
		{765CF76E-3EBB-2E15-6719-7135BC11CF44}.Debug|Any CPU.ActiveCfg = Debug|Any CPU
		{765CF76E-3EBB-2E15-6719-7135BC11CF44}.Debug|Any CPU.Build.0 = Debug|Any CPU
		{765CF76E-3EBB-2E15-6719-7135BC11CF44}.Release|Any CPU.ActiveCfg = Release|Any CPU
		{765CF76E-3EBB-2E15-6719-7135BC11CF44}.Release|Any CPU.Build.0 = Release|Any CPU
		{5A484330-3675-FB9F-212C-4C214ED18371}.Debug|Any CPU.ActiveCfg = Debug|Any CPU
		{5A484330-3675-FB9F-212C-4C214ED18371}.Debug|Any CPU.Build.0 = Debug|Any CPU
		{5A484330-3675-FB9F-212C-4C214ED18371}.Release|Any CPU.ActiveCfg = Release|Any CPU
		{5A484330-3675-FB9F-212C-4C214ED18371}.Release|Any CPU.Build.0 = Release|Any CPU
		{CD8C9303-404B-FB8D-6B9B-21988D5CAC0A}.Debug|Any CPU.ActiveCfg = Debug|Any CPU
		{CD8C9303-404B-FB8D-6B9B-21988D5CAC0A}.Debug|Any CPU.Build.0 = Debug|Any CPU
		{CD8C9303-404B-FB8D-6B9B-21988D5CAC0A}.Release|Any CPU.ActiveCfg = Release|Any CPU
		{CD8C9303-404B-FB8D-6B9B-21988D5CAC0A}.Release|Any CPU.Build.0 = Release|Any CPU
		{6311E6C6-0A20-383B-320B-694068DE37A5}.Debug|Any CPU.ActiveCfg = Debug|Any CPU
		{6311E6C6-0A20-383B-320B-694068DE37A5}.Debug|Any CPU.Build.0 = Debug|Any CPU
		{6311E6C6-0A20-383B-320B-694068DE37A5}.Release|Any CPU.ActiveCfg = Release|Any CPU
		{6311E6C6-0A20-383B-320B-694068DE37A5}.Release|Any CPU.Build.0 = Release|Any CPU
	EndGlobalSection
	GlobalSection(SolutionProperties) = preSolution
		HideSolutionNode = FALSE
	EndGlobalSection
EndGlobal
